// !$*UTF8*$!
{
	archiveVersion = 1;
	classes = {
	};
	objectVersion = 48;
	objects = {

/* Begin PBXBuildFile section */
		5E2396A4E94434AED20DB8F8 /* libPods-biletix_test.a in Frameworks */ = {isa = PBXBuildFile; fileRef = C093C31948080C49D77CBCB9 /* libPods-biletix_test.a */; };
		B42B141D1FA3DCE60044E7E4 /* AppDelegate.m in Sources */ = {isa = PBXBuildFile; fileRef = B42B141C1FA3DCE60044E7E4 /* AppDelegate.m */; };
		B42B14201FA3DCE60044E7E4 /* ViewController.m in Sources */ = {isa = PBXBuildFile; fileRef = B42B141F1FA3DCE60044E7E4 /* ViewController.m */; };
		B42B14231FA3DCE60044E7E4 /* Main.storyboard in Resources */ = {isa = PBXBuildFile; fileRef = B42B14211FA3DCE60044E7E4 /* Main.storyboard */; };
		B42B14251FA3DCE60044E7E4 /* Assets.xcassets in Resources */ = {isa = PBXBuildFile; fileRef = B42B14241FA3DCE60044E7E4 /* Assets.xcassets */; };
		B42B14281FA3DCE60044E7E4 /* LaunchScreen.storyboard in Resources */ = {isa = PBXBuildFile; fileRef = B42B14261FA3DCE60044E7E4 /* LaunchScreen.storyboard */; };
		B42B142B1FA3DCE60044E7E4 /* main.m in Sources */ = {isa = PBXBuildFile; fileRef = B42B142A1FA3DCE60044E7E4 /* main.m */; };
/* End PBXBuildFile section */

/* Begin PBXFileReference section */
		21461A2859992EE75316DC4D /* Pods-biletix_test.debug.xcconfig */ = {isa = PBXFileReference; includeInIndex = 1; lastKnownFileType = text.xcconfig; name = "Pods-biletix_test.debug.xcconfig"; path = "Pods/Target Support Files/Pods-biletix_test/Pods-biletix_test.debug.xcconfig"; sourceTree = "<group>"; };
		B42B14181FA3DCE60044E7E4 /* biletix_test.app */ = {isa = PBXFileReference; explicitFileType = wrapper.application; includeInIndex = 0; path = biletix_test.app; sourceTree = BUILT_PRODUCTS_DIR; };
		B42B141B1FA3DCE60044E7E4 /* AppDelegate.h */ = {isa = PBXFileReference; lastKnownFileType = sourcecode.c.h; path = AppDelegate.h; sourceTree = "<group>"; };
		B42B141C1FA3DCE60044E7E4 /* AppDelegate.m */ = {isa = PBXFileReference; lastKnownFileType = sourcecode.c.objc; path = AppDelegate.m; sourceTree = "<group>"; };
		B42B141E1FA3DCE60044E7E4 /* ViewController.h */ = {isa = PBXFileReference; lastKnownFileType = sourcecode.c.h; path = ViewController.h; sourceTree = "<group>"; };
		B42B141F1FA3DCE60044E7E4 /* ViewController.m */ = {isa = PBXFileReference; lastKnownFileType = sourcecode.c.objc; path = ViewController.m; sourceTree = "<group>"; };
		B42B14221FA3DCE60044E7E4 /* Base */ = {isa = PBXFileReference; lastKnownFileType = file.storyboard; name = Base; path = Base.lproj/Main.storyboard; sourceTree = "<group>"; };
		B42B14241FA3DCE60044E7E4 /* Assets.xcassets */ = {isa = PBXFileReference; lastKnownFileType = folder.assetcatalog; path = Assets.xcassets; sourceTree = "<group>"; };
		B42B14271FA3DCE60044E7E4 /* Base */ = {isa = PBXFileReference; lastKnownFileType = file.storyboard; name = Base; path = Base.lproj/LaunchScreen.storyboard; sourceTree = "<group>"; };
		B42B14291FA3DCE60044E7E4 /* Info.plist */ = {isa = PBXFileReference; lastKnownFileType = text.plist.xml; path = Info.plist; sourceTree = "<group>"; };
		B42B142A1FA3DCE60044E7E4 /* main.m */ = {isa = PBXFileReference; lastKnownFileType = sourcecode.c.objc; path = main.m; sourceTree = "<group>"; };
		C093C31948080C49D77CBCB9 /* libPods-biletix_test.a */ = {isa = PBXFileReference; explicitFileType = archive.ar; includeInIndex = 0; path = "libPods-biletix_test.a"; sourceTree = BUILT_PRODUCTS_DIR; };
		CEF72C196EDA878746F16508 /* Pods-biletix_test.release.xcconfig */ = {isa = PBXFileReference; includeInIndex = 1; lastKnownFileType = text.xcconfig; name = "Pods-biletix_test.release.xcconfig"; path = "Pods/Target Support Files/Pods-biletix_test/Pods-biletix_test.release.xcconfig"; sourceTree = "<group>"; };
/* End PBXFileReference section */

/* Begin PBXFrameworksBuildPhase section */
		B42B14151FA3DCE60044E7E4 /* Frameworks */ = {
			isa = PBXFrameworksBuildPhase;
			buildActionMask = 2147483647;
			files = (
				5E2396A4E94434AED20DB8F8 /* libPods-biletix_test.a in Frameworks */,
			);
			runOnlyForDeploymentPostprocessing = 0;
		};
/* End PBXFrameworksBuildPhase section */

/* Begin PBXGroup section */
		06105B94FC44CAC1F3909695 /* Pods */ = {
			isa = PBXGroup;
			children = (
				21461A2859992EE75316DC4D /* Pods-biletix_test.debug.xcconfig */,
				CEF72C196EDA878746F16508 /* Pods-biletix_test.release.xcconfig */,
			);
			name = Pods;
			sourceTree = "<group>";
		};
		1CF0EC9034466A754B5B16EB /* Frameworks */ = {
			isa = PBXGroup;
			children = (
				C093C31948080C49D77CBCB9 /* libPods-biletix_test.a */,
			);
			name = Frameworks;
			sourceTree = "<group>";
		};
		B42B140F1FA3DCE60044E7E4 = {
			isa = PBXGroup;
			children = (
				B42B141A1FA3DCE60044E7E4 /* biletix_test */,
				B42B14191FA3DCE60044E7E4 /* Products */,
				06105B94FC44CAC1F3909695 /* Pods */,
				1CF0EC9034466A754B5B16EB /* Frameworks */,
			);
			sourceTree = "<group>";
		};
		B42B14191FA3DCE60044E7E4 /* Products */ = {
			isa = PBXGroup;
			children = (
				B42B14181FA3DCE60044E7E4 /* biletix_test.app */,
			);
			name = Products;
			sourceTree = "<group>";
		};
		B42B141A1FA3DCE60044E7E4 /* biletix_test */ = {
			isa = PBXGroup;
			children = (
				B42B141B1FA3DCE60044E7E4 /* AppDelegate.h */,
				B42B141C1FA3DCE60044E7E4 /* AppDelegate.m */,
				B42B141E1FA3DCE60044E7E4 /* ViewController.h */,
				B42B141F1FA3DCE60044E7E4 /* ViewController.m */,
				B42B14211FA3DCE60044E7E4 /* Main.storyboard */,
				B42B14241FA3DCE60044E7E4 /* Assets.xcassets */,
				B42B14261FA3DCE60044E7E4 /* LaunchScreen.storyboard */,
				B42B14291FA3DCE60044E7E4 /* Info.plist */,
				B42B142A1FA3DCE60044E7E4 /* main.m */,
			);
			path = biletix_test;
			sourceTree = "<group>";
		};
/* End PBXGroup section */

/* Begin PBXNativeTarget section */
		B42B14171FA3DCE60044E7E4 /* biletix_test */ = {
			isa = PBXNativeTarget;
			buildConfigurationList = B42B142E1FA3DCE60044E7E4 /* Build configuration list for PBXNativeTarget "biletix_test" */;
			buildPhases = (
				D5DBB9A0680F058A7699ACB8 /* [CP] Check Pods Manifest.lock */,
				B42B14141FA3DCE60044E7E4 /* Sources */,
				B42B14151FA3DCE60044E7E4 /* Frameworks */,
				B42B14161FA3DCE60044E7E4 /* Resources */,
				F603C943D1388D709740238A /* [CP] Embed Pods Frameworks */,
				7467821D677CBAE955F9C53E /* [CP] Copy Pods Resources */,
			);
			buildRules = (
			);
			dependencies = (
			);
			name = biletix_test;
			productName = biletix_test;
			productReference = B42B14181FA3DCE60044E7E4 /* biletix_test.app */;
			productType = "com.apple.product-type.application";
		};
/* End PBXNativeTarget section */

/* Begin PBXProject section */
		B42B14101FA3DCE60044E7E4 /* Project object */ = {
			isa = PBXProject;
			attributes = {
				LastUpgradeCheck = 0900;
				ORGANIZATIONNAME = "Sergey Mazulev";
				TargetAttributes = {
					B42B14171FA3DCE60044E7E4 = {
						CreatedOnToolsVersion = 9.0;
						ProvisioningStyle = Automatic;
					};
				};
			};
			buildConfigurationList = B42B14131FA3DCE60044E7E4 /* Build configuration list for PBXProject "biletix_test" */;
			compatibilityVersion = "Xcode 8.0";
			developmentRegion = en;
			hasScannedForEncodings = 0;
			knownRegions = (
				en,
				Base,
			);
			mainGroup = B42B140F1FA3DCE60044E7E4;
			productRefGroup = B42B14191FA3DCE60044E7E4 /* Products */;
			projectDirPath = "";
			projectRoot = "";
			targets = (
				B42B14171FA3DCE60044E7E4 /* biletix_test */,
			);
		};
/* End PBXProject section */

/* Begin PBXResourcesBuildPhase section */
		B42B14161FA3DCE60044E7E4 /* Resources */ = {
			isa = PBXResourcesBuildPhase;
			buildActionMask = 2147483647;
			files = (
				B42B14281FA3DCE60044E7E4 /* LaunchScreen.storyboard in Resources */,
				B42B14251FA3DCE60044E7E4 /* Assets.xcassets in Resources */,
				B42B14231FA3DCE60044E7E4 /* Main.storyboard in Resources */,
			);
			runOnlyForDeploymentPostprocessing = 0;
		};
/* End PBXResourcesBuildPhase section */

/* Begin PBXShellScriptBuildPhase section */
		7467821D677CBAE955F9C53E /* [CP] Copy Pods Resources */ = {
			isa = PBXShellScriptBuildPhase;
			buildActionMask = 2147483647;
			files = (
			);
			inputPaths = (
			);
			name = "[CP] Copy Pods Resources";
			outputPaths = (
			);
			runOnlyForDeploymentPostprocessing = 0;
			shellPath = /bin/sh;
			shellScript = "\"${SRCROOT}/Pods/Target Support Files/Pods-biletix_test/Pods-biletix_test-resources.sh\"\n";
			showEnvVarsInLog = 0;
		};
		D5DBB9A0680F058A7699ACB8 /* [CP] Check Pods Manifest.lock */ = {
			isa = PBXShellScriptBuildPhase;
			buildActionMask = 2147483647;
			files = (
			);
			inputPaths = (
			);
			name = "[CP] Check Pods Manifest.lock";
			outputPaths = (
			);
			runOnlyForDeploymentPostprocessing = 0;
			shellPath = /bin/sh;
			shellScript = "diff \"${PODS_PODFILE_DIR_PATH}/Podfile.lock\" \"${PODS_ROOT}/Manifest.lock\" > /dev/null\nif [ $? != 0 ] ; then\n    # print error to STDERR\n    echo \"error: The sandbox is not in sync with the Podfile.lock. Run 'pod install' or update your CocoaPods installation.\" >&2\n    exit 1\nfi\n";
			showEnvVarsInLog = 0;
		};
		F603C943D1388D709740238A /* [CP] Embed Pods Frameworks */ = {
			isa = PBXShellScriptBuildPhase;
			buildActionMask = 2147483647;
			files = (
			);
			inputPaths = (
			);
			name = "[CP] Embed Pods Frameworks";
			outputPaths = (
			);
			runOnlyForDeploymentPostprocessing = 0;
			shellPath = /bin/sh;
			shellScript = "\"${SRCROOT}/Pods/Target Support Files/Pods-biletix_test/Pods-biletix_test-frameworks.sh\"\n";
			showEnvVarsInLog = 0;
		};
/* End PBXShellScriptBuildPhase section */

/* Begin PBXSourcesBuildPhase section */
		B42B14141FA3DCE60044E7E4 /* Sources */ = {
			isa = PBXSourcesBuildPhase;
			buildActionMask = 2147483647;
			files = (
				B42B14201FA3DCE60044E7E4 /* ViewController.m in Sources */,
				B42B142B1FA3DCE60044E7E4 /* main.m in Sources */,
				B42B141D1FA3DCE60044E7E4 /* AppDelegate.m in Sources */,
			);
			runOnlyForDeploymentPostprocessing = 0;
		};
/* End PBXSourcesBuildPhase section */

/* Begin PBXVariantGroup section */
		B42B14211FA3DCE60044E7E4 /* Main.storyboard */ = {
			isa = PBXVariantGroup;
			children = (
				B42B14221FA3DCE60044E7E4 /* Base */,
			);
			name = Main.storyboard;
			sourceTree = "<group>";
		};
		B42B14261FA3DCE60044E7E4 /* LaunchScreen.storyboard */ = {
			isa = PBXVariantGroup;
			children = (
				B42B14271FA3DCE60044E7E4 /* Base */,
			);
			name = LaunchScreen.storyboard;
			sourceTree = "<group>";
		};
/* End PBXVariantGroup section */

/* Begin XCBuildConfiguration section */
		B42B142C1FA3DCE60044E7E4 /* Debug */ = {
			isa = XCBuildConfiguration;
			buildSettings = {
				ALWAYS_SEARCH_USER_PATHS = NO;
				CLANG_ANALYZER_NONNULL = YES;
				CLANG_ANALYZER_NUMBER_OBJECT_CONVERSION = YES_AGGRESSIVE;
				CLANG_CXX_LANGUAGE_STANDARD = "gnu++14";
				CLANG_CXX_LIBRARY = "libc++";
				CLANG_ENABLE_MODULES = YES;
				CLANG_ENABLE_OBJC_ARC = YES;
				CLANG_WARN_BLOCK_CAPTURE_AUTORELEASING = YES;
				CLANG_WARN_BOOL_CONVERSION = YES;
				CLANG_WARN_COMMA = YES;
				CLANG_WARN_CONSTANT_CONVERSION = YES;
				CLANG_WARN_DIRECT_OBJC_ISA_USAGE = YES_ERROR;
				CLANG_WARN_DOCUMENTATION_COMMENTS = YES;
				CLANG_WARN_EMPTY_BODY = YES;
				CLANG_WARN_ENUM_CONVERSION = YES;
				CLANG_WARN_INFINITE_RECURSION = YES;
				CLANG_WARN_INT_CONVERSION = YES;
				CLANG_WARN_NON_LITERAL_NULL_CONVERSION = YES;
				CLANG_WARN_OBJC_LITERAL_CONVERSION = YES;
				CLANG_WARN_OBJC_ROOT_CLASS = YES_ERROR;
				CLANG_WARN_RANGE_LOOP_ANALYSIS = YES;
				CLANG_WARN_STRICT_PROTOTYPES = YES;
				CLANG_WARN_SUSPICIOUS_MOVE = YES;
				CLANG_WARN_UNGUARDED_AVAILABILITY = YES_AGGRESSIVE;
				CLANG_WARN_UNREACHABLE_CODE = YES;
				CLANG_WARN__DUPLICATE_METHOD_MATCH = YES;
				CODE_SIGN_IDENTITY = "iPhone Developer";
				COPY_PHASE_STRIP = NO;
				DEBUG_INFORMATION_FORMAT = dwarf;
				ENABLE_STRICT_OBJC_MSGSEND = YES;
				ENABLE_TESTABILITY = YES;
				GCC_C_LANGUAGE_STANDARD = gnu11;
				GCC_DYNAMIC_NO_PIC = NO;
				GCC_NO_COMMON_BLOCKS = YES;
				GCC_OPTIMIZATION_LEVEL = 0;
				GCC_PREPROCESSOR_DEFINITIONS = (
					"DEBUG=1",
					"$(inherited)",
				);
				GCC_WARN_64_TO_32_BIT_CONVERSION = YES;
				GCC_WARN_ABOUT_RETURN_TYPE = YES_ERROR;
				GCC_WARN_UNDECLARED_SELECTOR = YES;
				GCC_WARN_UNINITIALIZED_AUTOS = YES_AGGRESSIVE;
				GCC_WARN_UNUSED_FUNCTION = YES;
				GCC_WARN_UNUSED_VARIABLE = YES;
				IPHONEOS_DEPLOYMENT_TARGET = 11.0;
				MTL_ENABLE_DEBUG_INFO = YES;
				ONLY_ACTIVE_ARCH = YES;
				SDKROOT = iphoneos;
			};
			name = Debug;
		};
		B42B142D1FA3DCE60044E7E4 /* Release */ = {
			isa = XCBuildConfiguration;
			buildSettings = {
				ALWAYS_SEARCH_USER_PATHS = NO;
				CLANG_ANALYZER_NONNULL = YES;
				CLANG_ANALYZER_NUMBER_OBJECT_CONVERSION = YES_AGGRESSIVE;
				CLANG_CXX_LANGUAGE_STANDARD = "gnu++14";
				CLANG_CXX_LIBRARY = "libc++";
				CLANG_ENABLE_MODULES = YES;
				CLANG_ENABLE_OBJC_ARC = YES;
				CLANG_WARN_BLOCK_CAPTURE_AUTORELEASING = YES;
				CLANG_WARN_BOOL_CONVERSION = YES;
				CLANG_WARN_COMMA = YES;
				CLANG_WARN_CONSTANT_CONVERSION = YES;
				CLANG_WARN_DIRECT_OBJC_ISA_USAGE = YES_ERROR;
				CLANG_WARN_DOCUMENTATION_COMMENTS = YES;
				CLANG_WARN_EMPTY_BODY = YES;
				CLANG_WARN_ENUM_CONVERSION = YES;
				CLANG_WARN_INFINITE_RECURSION = YES;
				CLANG_WARN_INT_CONVERSION = YES;
				CLANG_WARN_NON_LITERAL_NULL_CONVERSION = YES;
				CLANG_WARN_OBJC_LITERAL_CONVERSION = YES;
				CLANG_WARN_OBJC_ROOT_CLASS = YES_ERROR;
				CLANG_WARN_RANGE_LOOP_ANALYSIS = YES;
				CLANG_WARN_STRICT_PROTOTYPES = YES;
				CLANG_WARN_SUSPICIOUS_MOVE = YES;
				CLANG_WARN_UNGUARDED_AVAILABILITY = YES_AGGRESSIVE;
				CLANG_WARN_UNREACHABLE_CODE = YES;
				CLANG_WARN__DUPLICATE_METHOD_MATCH = YES;
				CODE_SIGN_IDENTITY = "iPhone Developer";
				COPY_PHASE_STRIP = NO;
				DEBUG_INFORMATION_FORMAT = "dwarf-with-dsym";
				ENABLE_NS_ASSERTIONS = NO;
				ENABLE_STRICT_OBJC_MSGSEND = YES;
				GCC_C_LANGUAGE_STANDARD = gnu11;
				GCC_NO_COMMON_BLOCKS = YES;
				GCC_WARN_64_TO_32_BIT_CONVERSION = YES;
				GCC_WARN_ABOUT_RETURN_TYPE = YES_ERROR;
				GCC_WARN_UNDECLARED_SELECTOR = YES;
				GCC_WARN_UNINITIALIZED_AUTOS = YES_AGGRESSIVE;
				GCC_WARN_UNUSED_FUNCTION = YES;
				GCC_WARN_UNUSED_VARIABLE = YES;
				IPHONEOS_DEPLOYMENT_TARGET = 11.0;
				MTL_ENABLE_DEBUG_INFO = NO;
				SDKROOT = iphoneos;
				VALIDATE_PRODUCT = YES;
			};
			name = Release;
		};
		B42B142F1FA3DCE60044E7E4 /* Debug */ = {
			isa = XCBuildConfiguration;
			baseConfigurationReference = 21461A2859992EE75316DC4D /* Pods-biletix_test.debug.xcconfig */;
			buildSettings = {
				ASSETCATALOG_COMPILER_APPICON_NAME = AppIcon;
				CODE_SIGN_STYLE = Automatic;
				DEVELOPMENT_TEAM = HVARA599XL;
				INFOPLIST_FILE = biletix_test/Info.plist;
				LD_RUNPATH_SEARCH_PATHS = "$(inherited) @executable_path/Frameworks";
				PRODUCT_BUNDLE_IDENTIFIER = "suricatum.biletix-test";
				PRODUCT_NAME = "$(TARGET_NAME)";
				TARGETED_DEVICE_FAMILY = "1,2";
			};
			name = Debug;
		};
		B42B14301FA3DCE60044E7E4 /* Release */ = {
			isa = XCBuildConfiguration;
			baseConfigurationReference = CEF72C196EDA878746F16508 /* Pods-biletix_test.release.xcconfig */;
			buildSettings = {
				ASSETCATALOG_COMPILER_APPICON_NAME = AppIcon;
				CODE_SIGN_STYLE = Automatic;
				DEVELOPMENT_TEAM = HVARA599XL;
				INFOPLIST_FILE = biletix_test/Info.plist;
				LD_RUNPATH_SEARCH_PATHS = "$(inherited) @executable_path/Frameworks";
				PRODUCT_BUNDLE_IDENTIFIER = "suricatum.biletix-test";
				PRODUCT_NAME = "$(TARGET_NAME)";
				TARGETED_DEVICE_FAMILY = "1,2";
			};
			name = Release;
		};
/* End XCBuildConfiguration section */

/* Begin XCConfigurationList section */
		B42B14131FA3DCE60044E7E4 /* Build configuration list for PBXProject "biletix_test" */ = {
			isa = XCConfigurationList;
			buildConfigurations = (
				B42B142C1FA3DCE60044E7E4 /* Debug */,
				B42B142D1FA3DCE60044E7E4 /* Release */,
			);
			defaultConfigurationIsVisible = 0;
			defaultConfigurationName = Release;
		};
		B42B142E1FA3DCE60044E7E4 /* Build configuration list for PBXNativeTarget "biletix_test" */ = {
			isa = XCConfigurationList;
			buildConfigurations = (
				B42B142F1FA3DCE60044E7E4 /* Debug */,
				B42B14301FA3DCE60044E7E4 /* Release */,
			);
			defaultConfigurationIsVisible = 0;
			defaultConfigurationName = Release;
		};
/* End XCConfigurationList section */
	};
	rootObject = B42B14101FA3DCE60044E7E4 /* Project object */;
}
